lockfileVersion: '6.0'

dependencies:
  '@airway/processor-common':
    specifier: workspace:../processor-common
    version: link:../processor-common
  '@airway/types':
    specifier: workspace:../types
    version: link:../types
  async:
    specifier: workspace:../../node_modules/async
    version: link:../../node_modules/async
  cassandra-driver:
    specifier: workspace:../../node_modules/cassandra-driver
    version: link:../../node_modules/cassandra-driver
  fastify:
    specifier: workspace:../../node_modules/fastify
    version: link:../../node_modules/fastify
  fastify-cors:
    specifier: workspace:../../node_modules/fastify-cors
    version: link:../../node_modules/fastify-cors
  string-cipher:
    specifier: workspace:../../node_modules/string-cipher
    version: link:../../node_modules/string-cipher
  uuid:
    specifier: workspace:../../node_modules/uuid
    version: link:../../node_modules/uuid

devDependencies:
  '@types/node':
    specifier: workspace:../../node_modules/@types/node
    version: link:../../node_modules/@types/node
  tslint:
    specifier: workspace:../../node_modules/tslint
    version: link:../../node_modules/tslint
  typescript:
    specifier: workspace:../../node_modules/typescript
    version: link:../../node_modules/typescript
